
Microsoft Visual Studio Solution File, Format Version 12.00
# Visual Studio 15
VisualStudioVersion = 15.0.28010.2026
MinimumVisualStudioVersion = 10.0.40219.1
Project("{E24C65DC-7377-472B-9ABA-BC803B73C61A}") = "RotateTriangle_Matrix", "RotateTriangle_Matrix\", "{D6E05235-2ECF-4F54-AC9D-54B59E42E95E}"
	ProjectSection(WebsiteProperties) = preProject
		TargetFrameworkMoniker = ".NETFramework,Version%3Dv4.6.1"
		Debug.AspNetCompiler.VirtualPath = "/localhost_64158"
		Debug.AspNetCompiler.PhysicalPath = "RotateTriangle_Matrix\"
		Debug.AspNetCompiler.TargetPath = "PrecompiledWeb\localhost_64158\"
		Debug.AspNetCompiler.Updateable = "true"
		Debug.AspNetCompiler.ForceOverwrite = "true"
		Debug.AspNetCompiler.FixedNames = "false"
		Debug.AspNetCompiler.Debug = "True"
		Release.AspNetCompiler.VirtualPath = "/localhost_64158"
		Release.AspNetCompiler.PhysicalPath = "RotateTriangle_Matrix\"
		Release.AspNetCompiler.TargetPath = "PrecompiledWeb\localhost_64158\"
		Release.AspNetCompiler.Updateable = "true"
		Release.AspNetCompiler.ForceOverwrite = "true"
		Release.AspNetCompiler.FixedNames = "false"
		Release.AspNetCompiler.Debug = "False"
		VWDPort = "64158"
		SlnRelativePath = "RotateTriangle_Matrix\"
		DefaultWebSiteLanguage = "Visual C#"
	EndProjectSection
EndProject
Global
	GlobalSection(SolutionConfigurationPlatforms) = preSolution
		Debug|Any CPU = Debug|Any CPU
	EndGlobalSection
	GlobalSection(ProjectConfigurationPlatforms) = postSolution
		{D6E05235-2ECF-4F54-AC9D-54B59E42E95E}.Debug|Any CPU.ActiveCfg = Debug|Any CPU
		{D6E05235-2ECF-4F54-AC9D-54B59E42E95E}.Debug|Any CPU.Build.0 = Debug|Any CPU
	EndGlobalSection
	GlobalSection(SolutionProperties) = preSolution
		HideSolutionNode = FALSE
	EndGlobalSection
	GlobalSection(ExtensibilityGlobals) = postSolution
		SolutionGuid = {EDB1FCCB-AE15-46F1-A7A4-FD10404FCDA5}
	EndGlobalSection
EndGlobal
